
Microsoft Visual Studio Solution File, Format Version 12.00
# Visual Studio Version 17
VisualStudioVersion = 17.1.32228.430
MinimumVisualStudioVersion = 10.0.40219.1
Project("{9A19103F-16F7-4668-BE54-9A1E7A4F7556}") = "Parky.API", "Parky.API\Parky.API.csproj", "{FDB3FEAC-F18D-4ACC-BB8A-442B813BDDD6}"
EndProject
Project("{FAE04EC0-301F-11D3-BF4B-00C04F79EFBC}") = "Parky.Web", "Parky.Web\Parky.Web.csproj", "{464F73C2-0F6C-42F1-BAE0-43A99F3B0621}"
EndProject
Global
	GlobalSection(SolutionConfigurationPlatforms) = preSolution
		Debug|Any CPU = Debug|Any CPU
		Release|Any CPU = Release|Any CPU
	EndGlobalSection
	GlobalSection(ProjectConfigurationPlatforms) = postSolution
		{FDB3FEAC-F18D-4ACC-BB8A-442B813BDDD6}.Debug|Any CPU.ActiveCfg = Debug|Any CPU
		{FDB3FEAC-F18D-4ACC-BB8A-442B813BDDD6}.Debug|Any CPU.Build.0 = Debug|Any CPU
		{FDB3FEAC-F18D-4ACC-BB8A-442B813BDDD6}.Release|Any CPU.ActiveCfg = Release|Any CPU
		{FDB3FEAC-F18D-4ACC-BB8A-442B813BDDD6}.Release|Any CPU.Build.0 = Release|Any CPU
		{464F73C2-0F6C-42F1-BAE0-43A99F3B0621}.Debug|Any CPU.ActiveCfg = Debug|Any CPU
		{464F73C2-0F6C-42F1-BAE0-43A99F3B0621}.Debug|Any CPU.Build.0 = Debug|Any CPU
		{464F73C2-0F6C-42F1-BAE0-43A99F3B0621}.Release|Any CPU.ActiveCfg = Release|Any CPU
		{464F73C2-0F6C-42F1-BAE0-43A99F3B0621}.Release|Any CPU.Build.0 = Release|Any CPU
	EndGlobalSection
	GlobalSection(SolutionProperties) = preSolution
		HideSolutionNode = FALSE
	EndGlobalSection
	GlobalSection(ExtensibilityGlobals) = postSolution
		SolutionGuid = {67B8E0BE-E79E-4D96-839C-CF3B4D3A6C8C}
	EndGlobalSection
EndGlobal
